name: pyprecis2
channels:
  - conda-forge
dependencies:
  - _libgcc_mutex=0.1
  - _openmp_mutex=4.5
  - antlr-python-runtime=4.7.2
  - async_generator=1.10
  - attrs=22.1.0
  - backcall=0.2.0
  - backports=1.0
  - backports.functools_lru_cache=1.6.4
  - blas=2.17
  - bleach=5.0.1
  - bokeh=2.3.3
  - boto3=1.21.21
  - botocore=1.24.21
  - brotlipy=0.7.0
  - bzip2=1.0.8
  - c-ares=1.18.1
  - ca-certificates=2022.6.15.1
  - cartopy=0.18.0
  - cdo=1.9.9
  - certifi=2021.5.30
  - cf-units=2.1.4
  - cffi=1.14.4
  - cftime=1.4.1
  - click=7.1.2
  - cloudpickle=2.2.0
  - colorama=0.4.5
  - contextvars=2.4
  - cryptography=35.0.0
  - curl=7.83.1
  - cycler=0.11.0
  - cytoolz=0.11.0
  - dask=2.11.0
  - dask-core=2.11.0
  - dbus=1.13.6
  - decorator=5.1.1
  - defusedxml=0.7.1
  - distributed=2.30.1
  - eccodes=2.19.1
  - entrypoints=0.4
  - esmf=8.0.1
  - expat=2.4.8
  - fftw=3.3.8
  - fontconfig=2.14.0
  - freetype=2.12.1
  - fsspec=2022.8.2
  - geos=3.9.1
  - gettext=0.19.8.1
  - glib=2.66.1
  - gsl=2.6
  - gst-plugins-base=1.14.5
  - gstreamer=1.14.5
  - hdf4=4.2.15
  - hdf5=1.10.6
  - heapdict=1.0.1
  - icu=64.2
  - idna=3.3
  - immutables=0.16
  - importlib-metadata=4.8.1
  - ipykernel=5.5.5
  - ipython=7.16.1
  - ipython_genutils=0.2.0
  - iris=2.4.0
  - iris-sample-data=2.3.0
  - jasper=1.900.1
  - jedi=0.17.2
  - jinja2=3.0.3
  - jmespath=0.10.0
  - jpeg=9e
  - jsonschema=4.1.2
  - jupyter_client=6.1.7
  - jupyter_core=4.6.3
  - jupyterlab_pygments=0.1.2
  - keyutils=1.6.1
  - kiwisolver=1.3.1
  - krb5=1.19.3
  - lcms2=2.12
  - ld_impl_linux-64=2.36.1
  - libaec=1.0.6
  - libblas=3.8.0
  - libcblas=3.8.0
  - libcurl=7.83.1
  - libedit=3.1.20191231
  - libev=4.33
  - libffi=3.2.1
  - libgcc-ng=12.1.0
  - libgfortran-ng=7.5.0
  - libgfortran4=7.5.0
  - libiconv=1.16
  - liblapack=3.8.0
  - liblapacke=3.8.0
  - libmo_unpack=3.1.2
  - libnetcdf=4.7.4
  - libnghttp2=1.47.0
  - libopenblas=0.3.10
  - libpng=1.6.37
  - libsodium=1.0.18
  - libsqlite=3.39.3
  - libssh2=1.10.0
  - libstdcxx-ng=12.1.0
  - libtiff=4.2.0
  - libuuid=2.32.1
  - libwebp-base=1.2.4
  - libxcb=1.13
  - libxml2=2.9.10
  - libzlib=1.2.12
  - llvm-openmp=14.0.4
  - locket=1.0.0
  - markupsafe=2.0.1
  - matplotlib=3.1.3
  - matplotlib-base=3.1.3
  - mistune=0.8.4
  - mo_pack=0.2.0
  - msgpack-python=1.0.2
  - nbclient=0.5.9
  - nbconvert=6.0.7
  - nbformat=5.1.3
  - nc-time-axis=1.2.0
  - nco=4.9.9
  - ncurses=6.3
  - ncview=2.1.7
  - nest-asyncio=1.5.5
  - netcdf-fortran=4.5.3
  - netcdf4=1.5.6
  - notebook=5.7.8
  - numpy=1.17.4
  - numpy-base=1.17.4
  - olefile=0.46
  - openjpeg=2.4.0
  - openssl=1.1.1q
  - ossuuid=1.6.2
  - packaging=21.3
  - pandas=1.1.5
  - pandoc=2.19.2
  - pandocfilters=1.5.0
  - parso=0.7.1
  - partd=1.2.0
  - pcre=8.45
  - pexpect=4.8.0
  - pickleshare=0.7.5
  - pillow=8.2.0
  - pip=21.3.1
  - proj=7.2.0
  - prometheus_client=0.14.1
  - prompt-toolkit=3.0.31
  - psutil=5.8.0
  - pthread-stubs=0.4
  - ptyprocess=0.7.0
  - pycparser=2.21
  - pygments=2.13.0
  - pyke=1.1.1
  - pyopenssl=22.0.0
  - pyparsing=3.0.9
  - pyqt=5.9.2
  - pyrsistent=0.17.3
  - pyshp=2.3.1
  - pysocks=1.7.1
  - python=3.6.10
  - python-dateutil=2.8.2
  - python-xxhash=2.0.2
  - python_abi=3.6
  - pytz=2022.2.1
  - pyyaml=5.4.1
  - pyzmq=22.3.0
  - qt=5.9.7
  - readline=8.1.2
  - s3transfer=0.5.2
  - scipy=1.5.3
  - send2trash=1.8.0
  - setuptools=58.0.4
  - shapely=1.7.1
  - sip=4.19.8
  - six=1.16.0
  - sortedcontainers=2.4.0
  - sqlite=3.39.3
  - tblib=1.7.0
  - tempest-remap=2.0.5
  - terminado=0.12.1
  - testpath=0.6.0
  - tk=8.6.12
  - toolz=0.12.0
  - tornado=6.1
  - tqdm=4.64.1
  - traitlets=4.3.3
  - typing-extensions=4.1.1
  - typing_extensions=4.1.1
  - udunits2=2.2.28
  - urllib3=1.26.11
  - wcwidth=0.2.5
  - webencodings=0.5.1
  - wheel=0.37.1
  - xorg-kbproto=1.0.7
  - xorg-libice=1.0.10
  - xorg-libsm=1.2.3
  - xorg-libx11=1.7.2
  - xorg-libxau=1.0.9
  - xorg-libxaw=1.0.14
  - xorg-libxdmcp=1.1.3
  - xorg-libxext=1.3.4
  - xorg-libxmu=1.1.3
  - xorg-libxpm=3.5.13
  - xorg-libxt=1.2.1
  - xorg-xextproto=7.3.0
  - xorg-xproto=7.0.31
  - xxhash=0.8.0
  - xz=5.2.6
  - yaml=0.2.5
  - zeromq=4.3.4
  - zict=2.0.0
  - zipp=3.6.0
  - zlib=1.2.12
  - zstd=1.5.2
