# This file may be used to create an environment using:
# $ conda create --name <env> --file <this file>
# platform: linux-64
@EXPLICIT
https://metoffice.jfrog.io/metoffice/api/conda/conda-forge/linux-64/_libgcc_mutex-0.1-conda_forge.tar.bz2
https://metoffice.jfrog.io/metoffice/api/conda/conda-main/linux-64/ca-certificates-2022.4.26-h06a4308_0.conda
https://metoffice.jfrog.io/metoffice/api/conda/conda-main/linux-64/ld_impl_linux-64-2.35.1-h7274673_9.conda
https://metoffice.jfrog.io/metoffice/api/conda/conda-main/linux-64/libgfortran4-7.5.0-ha8ba4b0_17.conda
https://metoffice.jfrog.io/metoffice/api/conda/conda-main/linux-64/libstdcxx-ng-9.3.0-hd4cf53a_17.conda
https://metoffice.jfrog.io/metoffice/api/conda/conda-forge/linux-64/llvm-openmp-12.0.1-h4bd325d_1.tar.bz2
https://metoffice.jfrog.io/metoffice/api/conda/conda-main/linux-64/pandoc-2.12-h06a4308_0.conda
https://metoffice.jfrog.io/metoffice/api/conda/conda-forge/linux-64/_openmp_mutex-4.5-2_kmp_llvm.tar.bz2
https://metoffice.jfrog.io/metoffice/api/conda/conda-main/linux-64/libgfortran-ng-7.5.0-ha8ba4b0_17.conda
https://metoffice.jfrog.io/metoffice/api/conda/conda-forge/linux-64/libgcc-ng-11.2.0-h1d223b6_16.tar.bz2
https://metoffice.jfrog.io/metoffice/api/conda/conda-main/linux-64/bzip2-1.0.8-h7b6447c_0.conda
https://metoffice.jfrog.io/metoffice/api/conda/conda-main/linux-64/c-ares-1.18.1-h7f8727e_0.conda
https://metoffice.jfrog.io/metoffice/api/conda/conda-main/linux-64/expat-2.4.4-h295c915_0.conda
https://metoffice.jfrog.io/metoffice/api/conda/conda-main/linux-64/fftw-3.3.9-h27cfd23_1.conda
https://metoffice.jfrog.io/metoffice/api/conda/conda-main/linux-64/geos-3.9.1-h295c915_0.conda
https://metoffice.jfrog.io/metoffice/api/conda/conda-main/linux-64/gsl-2.6-ha341630_0.conda
https://metoffice.jfrog.io/metoffice/api/conda/conda-forge/linux-64/icu-64.2-he1b5a44_1.tar.bz2
https://metoffice.jfrog.io/metoffice/api/conda/conda-main/linux-64/jpeg-9e-h7f8727e_0.conda
https://metoffice.jfrog.io/metoffice/api/conda/conda-main/linux-64/libaec-1.0.4-he6710b0_1.conda
https://metoffice.jfrog.io/metoffice/api/conda/conda-main/linux-64/libev-4.33-h7f8727e_1.conda
https://metoffice.jfrog.io/metoffice/api/conda/conda-main/linux-64/libffi-3.2.1-hf484d3e_1007.conda
https://metoffice.jfrog.io/metoffice/api/conda/conda-main/linux-64/libiconv-1.16-h7f8727e_2.conda
https://metoffice.jfrog.io/metoffice/api/conda/conda-forge/linux-64/libmo_unpack-3.1.2-hf484d3e_1001.tar.bz2
https://metoffice.jfrog.io/metoffice/api/conda/conda-main/linux-64/libopenblas-0.3.10-h5a2b251_0.conda
https://metoffice.jfrog.io/metoffice/api/conda/conda-main/linux-64/libsodium-1.0.18-h7b6447c_0.conda
https://metoffice.jfrog.io/metoffice/api/conda/conda-main/linux-64/libuuid-1.0.3-h7f8727e_2.conda
https://metoffice.jfrog.io/metoffice/api/conda/conda-main/linux-64/libwebp-base-1.2.2-h7f8727e_0.conda
https://metoffice.jfrog.io/metoffice/api/conda/conda-main/linux-64/libxcb-1.14-h7b6447c_0.conda
https://metoffice.jfrog.io/metoffice/api/conda/conda-main/linux-64/lz4-c-1.9.3-h295c915_1.conda
https://metoffice.jfrog.io/metoffice/api/conda/conda-main/linux-64/ncurses-6.3-h7f8727e_2.conda
https://metoffice.jfrog.io/metoffice/api/conda/conda-main/linux-64/openssl-1.1.1o-h7f8727e_0.conda
https://metoffice.jfrog.io/metoffice/api/conda/conda-forge/linux-64/ossuuid-1.6.2-hf484d3e_1000.tar.bz2
https://metoffice.jfrog.io/metoffice/api/conda/conda-main/linux-64/pcre-8.45-h295c915_0.conda
https://metoffice.jfrog.io/metoffice/api/conda/conda-forge/linux-64/xorg-kbproto-1.0.7-h7f98852_1002.tar.bz2
https://metoffice.jfrog.io/metoffice/api/conda/conda-forge/linux-64/xorg-libice-1.0.10-h7f98852_0.tar.bz2
https://metoffice.jfrog.io/metoffice/api/conda/conda-forge/linux-64/xorg-xextproto-7.3.0-h7f98852_1002.tar.bz2
https://metoffice.jfrog.io/metoffice/api/conda/conda-main/linux-64/xorg-xproto-7.0.31-h27cfd23_1007.conda
https://metoffice.jfrog.io/metoffice/api/conda/conda-main/linux-64/xxhash-0.8.0-h7f8727e_3.conda
https://metoffice.jfrog.io/metoffice/api/conda/conda-main/linux-64/xz-5.2.5-h7f8727e_1.conda
https://metoffice.jfrog.io/metoffice/api/conda/conda-main/linux-64/yaml-0.2.5-h7b6447c_0.conda
https://metoffice.jfrog.io/metoffice/api/conda/conda-main/linux-64/zlib-1.2.12-h7f8727e_2.conda
https://metoffice.jfrog.io/metoffice/api/conda/conda-main/linux-64/glib-2.63.1-h5a9c865_0.conda
https://metoffice.jfrog.io/metoffice/api/conda/conda-main/linux-64/hdf4-4.2.13-h3ca952b_2.conda
https://metoffice.jfrog.io/metoffice/api/conda/conda-main/linux-64/jasper-1.900.1-hd497a04_4.conda
https://metoffice.jfrog.io/metoffice/api/conda/conda-forge/linux-64/libblas-3.8.0-17_openblas.tar.bz2
https://metoffice.jfrog.io/metoffice/api/conda/conda-main/linux-64/libedit-3.1.20210910-h7f8727e_0.conda
https://metoffice.jfrog.io/metoffice/api/conda/conda-main/linux-64/libnghttp2-1.46.0-hce63b2e_0.conda
https://metoffice.jfrog.io/metoffice/api/conda/conda-main/linux-64/libpng-1.6.37-hbc83047_0.conda
https://metoffice.jfrog.io/metoffice/api/conda/conda-main/linux-64/libssh2-1.10.0-h8f2d780_0.conda
https://metoffice.jfrog.io/metoffice/api/conda/conda-forge/linux-64/libxml2-2.9.10-hee79883_0.tar.bz2
https://metoffice.jfrog.io/metoffice/api/conda/conda-main/linux-64/readline-8.1.2-h7f8727e_1.conda
https://metoffice.jfrog.io/metoffice/api/conda/conda-main/linux-64/tk-8.6.11-h1ccaba5_1.conda
https://metoffice.jfrog.io/metoffice/api/conda/conda-forge/linux-64/udunits2-2.2.28-hc3e0081_0.tar.bz2
https://metoffice.jfrog.io/metoffice/api/conda/conda-forge/linux-64/xorg-libsm-1.2.2-h470a237_5.tar.bz2
https://metoffice.jfrog.io/metoffice/api/conda/conda-forge/linux-64/xorg-libx11-1.7.2-h7f98852_0.tar.bz2
https://metoffice.jfrog.io/metoffice/api/conda/conda-main/linux-64/zeromq-4.3.4-h2531618_0.conda
https://metoffice.jfrog.io/metoffice/api/conda/conda-main/linux-64/zstd-1.4.9-haebb681_0.conda
https://metoffice.jfrog.io/metoffice/api/conda/conda-main/linux-64/dbus-1.13.18-hb2f20db_0.conda
https://metoffice.jfrog.io/metoffice/api/conda/conda-main/linux-64/freetype-2.11.0-h70c0345_0.conda
https://metoffice.jfrog.io/metoffice/api/conda/conda-main/linux-64/gettext-0.21.0-hf68c758_0.conda
https://metoffice.jfrog.io/metoffice/api/conda/conda-forge/linux-64/gstreamer-1.14.5-h36ae1b5_2.tar.bz2
https://metoffice.jfrog.io/metoffice/api/conda/conda-main/linux-64/krb5-1.19.2-hac12032_0.conda
https://metoffice.jfrog.io/metoffice/api/conda/conda-forge/linux-64/libcblas-3.8.0-17_openblas.tar.bz2
https://metoffice.jfrog.io/metoffice/api/conda/conda-forge/linux-64/liblapack-3.8.0-17_openblas.tar.bz2
https://metoffice.jfrog.io/metoffice/api/conda/conda-main/linux-64/libtiff-4.2.0-h85742a9_0.conda
https://metoffice.jfrog.io/metoffice/api/conda/conda-main/linux-64/sqlite-3.38.3-hc218d9a_0.conda
https://metoffice.jfrog.io/metoffice/api/conda/conda-forge/linux-64/xorg-libxext-1.3.4-h7f98852_1.tar.bz2
https://metoffice.jfrog.io/metoffice/api/conda/conda-forge/linux-64/xorg-libxt-1.2.1-h7f98852_2.tar.bz2
https://metoffice.jfrog.io/metoffice/api/conda/conda-main/linux-64/fontconfig-2.13.1-h6c09931_0.conda
https://metoffice.jfrog.io/metoffice/api/conda/conda-forge/linux-64/gst-plugins-base-1.14.5-h0935bb2_2.tar.bz2
https://metoffice.jfrog.io/metoffice/api/conda/conda-main/linux-64/lcms2-2.12-h3be6417_0.conda
https://metoffice.jfrog.io/metoffice/api/conda/conda-main/linux-64/libcurl-7.82.0-h0b77cf5_0.conda
https://metoffice.jfrog.io/metoffice/api/conda/conda-forge/linux-64/liblapacke-3.8.0-17_openblas.tar.bz2
https://metoffice.jfrog.io/metoffice/api/conda/conda-main/linux-64/openjpeg-2.4.0-h3ad879b_0.conda
https://metoffice.jfrog.io/metoffice/api/conda/conda-forge/linux-64/python-3.6.10-h8356626_1011_cpython.tar.bz2
https://metoffice.jfrog.io/metoffice/api/conda/conda-forge/linux-64/xorg-libxmu-1.1.3-h7f98852_0.tar.bz2
https://metoffice.jfrog.io/metoffice/api/conda/conda-forge/linux-64/xorg-libxpm-3.5.13-h7f98852_0.tar.bz2
https://metoffice.jfrog.io/metoffice/api/conda/conda-main/linux-64/async_generator-1.10-py36h28b3542_0.conda
https://metoffice.jfrog.io/metoffice/api/conda/conda-main/noarch/attrs-21.4.0-pyhd3eb1b0_0.conda
https://metoffice.jfrog.io/metoffice/api/conda/conda-main/noarch/backcall-0.2.0-pyhd3eb1b0_0.tar.bz2
https://metoffice.jfrog.io/metoffice/api/conda/conda-forge/linux-64/blas-2.17-openblas.tar.bz2
https://metoffice.jfrog.io/metoffice/api/conda/conda-main/linux-64/certifi-2021.5.30-py36h06a4308_0.conda
https://metoffice.jfrog.io/metoffice/api/conda/conda-main/noarch/charset-normalizer-2.0.4-pyhd3eb1b0_0.conda
https://metoffice.jfrog.io/metoffice/api/conda/conda-main/noarch/click-8.0.3-pyhd3eb1b0_0.conda
https://metoffice.jfrog.io/metoffice/api/conda/conda-main/noarch/cloudpickle-2.0.0-pyhd3eb1b0_0.conda
https://metoffice.jfrog.io/metoffice/api/conda/conda-main/noarch/colorama-0.4.4-pyhd3eb1b0_0.conda
https://metoffice.jfrog.io/metoffice/api/conda/conda-main/linux-64/curl-7.82.0-h7f8727e_0.conda
https://metoffice.jfrog.io/metoffice/api/conda/conda-main/noarch/cycler-0.11.0-pyhd3eb1b0_0.conda
https://metoffice.jfrog.io/metoffice/api/conda/conda-main/noarch/dask-core-2.11.0-py_0.conda
https://metoffice.jfrog.io/metoffice/api/conda/conda-main/noarch/decorator-5.1.1-pyhd3eb1b0_0.conda
https://metoffice.jfrog.io/metoffice/api/conda/conda-main/noarch/defusedxml-0.7.1-pyhd3eb1b0_0.conda
https://metoffice.jfrog.io/metoffice/api/conda/conda-main/linux-64/entrypoints-0.3-py36_0.conda
https://metoffice.jfrog.io/metoffice/api/conda/conda-main/noarch/fsspec-2022.1.0-pyhd3eb1b0_0.conda
https://metoffice.jfrog.io/metoffice/api/conda/conda-forge/linux-64/hdf5-1.10.6-nompi_h7c3c948_1111.tar.bz2
https://metoffice.jfrog.io/metoffice/api/conda/conda-main/noarch/heapdict-1.0.1-pyhd3eb1b0_0.conda
https://metoffice.jfrog.io/metoffice/api/conda/conda-main/noarch/idna-3.3-pyhd3eb1b0_0.conda
https://metoffice.jfrog.io/metoffice/api/conda/conda-main/noarch/ipython_genutils-0.2.0-pyhd3eb1b0_1.conda
https://metoffice.jfrog.io/metoffice/api/conda/conda-forge/linux-64/iris-sample-data-2.0.0-py36_0.tar.bz2
https://metoffice.jfrog.io/metoffice/api/conda/conda-main/noarch/jmespath-0.10.0-pyhd3eb1b0_0.conda
https://metoffice.jfrog.io/metoffice/api/conda/conda-main/linux-64/kiwisolver-1.3.1-py36h2531618_0.tar.bz2
https://metoffice.jfrog.io/metoffice/api/conda/conda-main/linux-64/locket-0.2.1-py36h06a4308_1.conda
https://metoffice.jfrog.io/metoffice/api/conda/conda-main/linux-64/markupsafe-2.0.1-py36h27cfd23_0.conda
https://metoffice.jfrog.io/metoffice/api/conda/conda-main/linux-64/mistune-0.8.4-py36h7b6447c_0.conda
https://metoffice.jfrog.io/metoffice/api/conda/conda-main/linux-64/msgpack-python-1.0.2-py36hff7bd54_1.conda
https://metoffice.jfrog.io/metoffice/api/conda/conda-main/noarch/nest-asyncio-1.5.1-pyhd3eb1b0_0.conda
https://metoffice.jfrog.io/metoffice/api/conda/conda-main/linux-64/olefile-0.46-py36_0.conda
https://metoffice.jfrog.io/metoffice/api/conda/conda-main/noarch/pandocfilters-1.5.0-pyhd3eb1b0_0.conda
https://metoffice.jfrog.io/metoffice/api/conda/conda-main/noarch/parso-0.8.3-pyhd3eb1b0_0.conda
https://metoffice.jfrog.io/metoffice/api/conda/conda-main/noarch/pickleshare-0.7.5-pyhd3eb1b0_1003.conda
https://metoffice.jfrog.io/metoffice/api/conda/conda-main/linux-64/proj-7.2.0-h1217e81_1.conda
https://metoffice.jfrog.io/metoffice/api/conda/conda-main/noarch/prometheus_client-0.13.1-pyhd3eb1b0_0.conda
https://metoffice.jfrog.io/metoffice/api/conda/conda-main/linux-64/psutil-5.8.0-py36h27cfd23_1.conda
https://metoffice.jfrog.io/metoffice/api/conda/conda-main/noarch/ptyprocess-0.7.0-pyhd3eb1b0_2.conda
https://metoffice.jfrog.io/metoffice/api/conda/conda-main/linux-64/pycosat-0.6.3-py36h27cfd23_0.conda
https://metoffice.jfrog.io/metoffice/api/conda/conda-main/noarch/pycparser-2.21-pyhd3eb1b0_0.conda
https://metoffice.jfrog.io/metoffice/api/conda/conda-main/noarch/pygments-2.11.2-pyhd3eb1b0_0.conda
https://metoffice.jfrog.io/metoffice/api/conda/conda-forge/noarch/pyke-1.1.1-pyhd8ed1ab_1004.tar.bz2
https://metoffice.jfrog.io/metoffice/api/conda/conda-main/noarch/pyparsing-3.0.4-pyhd3eb1b0_0.conda
https://metoffice.jfrog.io/metoffice/api/conda/conda-main/linux-64/pyrsistent-0.17.3-py36h7b6447c_0.conda
https://metoffice.jfrog.io/metoffice/api/conda/conda-main/noarch/pyshp-2.1.3-pyhd3eb1b0_0.conda
https://metoffice.jfrog.io/metoffice/api/conda/conda-main/linux-64/pysocks-1.7.1-py36h06a4308_0.conda
https://metoffice.jfrog.io/metoffice/api/conda/conda-main/linux-64/python-xxhash-2.0.2-py36h7f8727e_0.conda
https://metoffice.jfrog.io/metoffice/api/conda/conda-forge/linux-64/python_abi-3.6-2_cp36m.tar.bz2
https://metoffice.jfrog.io/metoffice/api/conda/conda-main/noarch/pytz-2021.3-pyhd3eb1b0_0.conda
https://metoffice.jfrog.io/metoffice/api/conda/conda-main/linux-64/pyyaml-5.4.1-py36h27cfd23_1.conda
https://metoffice.jfrog.io/metoffice/api/conda/conda-main/linux-64/pyzmq-22.2.1-py36h295c915_1.conda
https://metoffice.jfrog.io/metoffice/api/conda/conda-forge/linux-64/qt-5.9.7-h0c104cb_3.tar.bz2
https://metoffice.jfrog.io/metoffice/api/conda/conda-main/linux-64/ruamel_yaml-0.15.100-py36h27cfd23_0.conda
https://metoffice.jfrog.io/metoffice/api/conda/conda-main/noarch/send2trash-1.8.0-pyhd3eb1b0_1.conda
https://metoffice.jfrog.io/metoffice/api/conda/conda-main/linux-64/sip-4.19.8-py36hf484d3e_0.conda
https://metoffice.jfrog.io/metoffice/api/conda/conda-main/noarch/six-1.16.0-pyhd3eb1b0_1.conda
https://metoffice.jfrog.io/metoffice/api/conda/conda-main/noarch/sortedcontainers-2.4.0-pyhd3eb1b0_0.conda
https://metoffice.jfrog.io/metoffice/api/conda/conda-main/noarch/tblib-1.7.0-pyhd3eb1b0_0.conda
https://metoffice.jfrog.io/metoffice/api/conda/conda-main/noarch/testpath-0.5.0-pyhd3eb1b0_0.conda
https://metoffice.jfrog.io/metoffice/api/conda/conda-main/noarch/toolz-0.11.2-pyhd3eb1b0_0.conda
https://metoffice.jfrog.io/metoffice/api/conda/conda-main/linux-64/tornado-6.1-py36h27cfd23_0.conda
https://metoffice.jfrog.io/metoffice/api/conda/conda-main/noarch/typing_extensions-4.1.1-pyh06a4308_0.conda
https://metoffice.jfrog.io/metoffice/api/conda/conda-main/noarch/wcwidth-0.2.5-pyhd3eb1b0_0.conda
https://metoffice.jfrog.io/metoffice/api/conda/conda-main/linux-64/webencodings-0.5.1-py36_1.conda
https://metoffice.jfrog.io/metoffice/api/conda/conda-main/noarch/wheel-0.37.1-pyhd3eb1b0_0.conda
https://metoffice.jfrog.io/metoffice/api/conda/conda-forge/linux-64/xorg-libxaw-1.0.14-h7f98852_1.tar.bz2
https://metoffice.jfrog.io/metoffice/api/conda/conda-main/noarch/zipp-3.6.0-pyhd3eb1b0_0.conda
https://metoffice.jfrog.io/metoffice/api/conda/conda-forge/linux-64/antlr-python-runtime-4.7.2-py36h5fab9bb_1002.tar.bz2
https://metoffice.jfrog.io/metoffice/api/conda/conda-main/linux-64/cffi-1.14.0-py36h2e261b9_0.conda
https://metoffice.jfrog.io/metoffice/api/conda/conda-main/linux-64/cytoolz-0.11.0-py36h7b6447c_0.conda
https://metoffice.jfrog.io/metoffice/api/conda/conda-main/linux-64/importlib-metadata-4.8.1-py36h06a4308_0.conda
https://metoffice.jfrog.io/metoffice/api/conda/conda-main/linux-64/jedi-0.17.0-py36_0.conda
https://metoffice.jfrog.io/metoffice/api/conda/conda-main/noarch/jinja2-3.0.3-pyhd3eb1b0_0.conda
https://metoffice.jfrog.io/metoffice/api/conda/conda-main/noarch/jupyterlab_pygments-0.1.2-py_0.conda
https://metoffice.jfrog.io/metoffice/api/conda/conda-forge/linux-64/libnetcdf-4.7.4-nompi_h56d31a8_107.tar.bz2
https://metoffice.jfrog.io/metoffice/api/conda/conda-main/linux-64/numpy-base-1.17.4-py36h2f8d375_0.conda
https://metoffice.jfrog.io/metoffice/api/conda/conda-main/noarch/packaging-21.3-pyhd3eb1b0_0.conda
https://metoffice.jfrog.io/metoffice/api/conda/conda-main/noarch/partd-1.2.0-pyhd3eb1b0_1.conda
https://metoffice.jfrog.io/metoffice/api/conda/conda-main/noarch/pexpect-4.8.0-pyhd3eb1b0_3.conda
https://metoffice.jfrog.io/metoffice/api/conda/conda-main/linux-64/pillow-8.3.1-py36h2c7a002_0.conda
https://metoffice.jfrog.io/metoffice/api/conda/conda-main/noarch/prompt-toolkit-3.0.20-pyhd3eb1b0_0.conda
https://metoffice.jfrog.io/metoffice/api/conda/conda-main/linux-64/pyqt-5.9.2-py36h05f1152_2.conda
https://metoffice.jfrog.io/metoffice/api/conda/conda-main/noarch/python-dateutil-2.8.2-pyhd3eb1b0_0.conda
https://metoffice.jfrog.io/metoffice/api/conda/conda-main/linux-64/setuptools-58.0.4-py36h06a4308_0.conda
https://metoffice.jfrog.io/metoffice/api/conda/conda-main/linux-64/terminado-0.9.4-py36h06a4308_0.conda
https://metoffice.jfrog.io/metoffice/api/conda/conda-forge/noarch/tqdm-4.64.0-pyhd8ed1ab_0.tar.bz2
https://metoffice.jfrog.io/metoffice/api/conda/conda-main/linux-64/traitlets-4.3.3-py36h06a4308_0.conda
https://metoffice.jfrog.io/metoffice/api/conda/conda-main/noarch/typing-extensions-4.1.1-hd3eb1b0_0.conda
https://metoffice.jfrog.io/metoffice/api/conda/conda-main/noarch/zict-2.0.0-pyhd3eb1b0_0.tar.bz2
https://metoffice.jfrog.io/metoffice/api/conda/conda-main/noarch/bleach-4.1.0-pyhd3eb1b0_0.conda
https://metoffice.jfrog.io/metoffice/api/conda/conda-main/linux-64/brotlipy-0.7.0-py36h27cfd23_1003.conda
https://metoffice.jfrog.io/metoffice/api/conda/conda-main/linux-64/conda-package-handling-1.7.3-py36h27cfd23_1.conda
https://metoffice.jfrog.io/metoffice/api/conda/conda-main/linux-64/cryptography-35.0.0-py36hd23ed53_0.conda
https://metoffice.jfrog.io/metoffice/api/conda/conda-forge/linux-64/eccodes-2.19.1-hea64003_0.tar.bz2
https://metoffice.jfrog.io/metoffice/api/conda/conda-main/linux-64/immutables-0.16-py36h7f8727e_0.conda
https://metoffice.jfrog.io/metoffice/api/conda/conda-main/noarch/importlib_metadata-4.8.1-hd3eb1b0_0.conda
https://metoffice.jfrog.io/metoffice/api/conda/conda-main/linux-64/ipython-7.16.1-py36h5ca1d4c_0.conda
https://metoffice.jfrog.io/metoffice/api/conda/conda-forge/linux-64/jupyter_core-4.6.3-py36h5fab9bb_2.tar.bz2
https://metoffice.jfrog.io/metoffice/api/conda/conda-forge/linux-64/ncview-2.1.7-hb1f9ec4_5.tar.bz2
https://metoffice.jfrog.io/metoffice/api/conda/conda-forge/linux-64/netcdf-fortran-4.5.3-nompi_hfef6a68_101.tar.bz2
https://metoffice.jfrog.io/metoffice/api/conda/conda-main/linux-64/numpy-1.17.4-py36hd5be1e1_0.conda
https://metoffice.jfrog.io/metoffice/api/conda/conda-main/linux-64/pip-21.2.2-py36h06a4308_0.conda
https://metoffice.jfrog.io/metoffice/api/conda/conda-forge/linux-64/tempest-remap-2.0.5-h1b20e2d_0.tar.bz2
https://metoffice.jfrog.io/metoffice/api/conda/conda-main/linux-64/bokeh-2.3.2-py36h06a4308_0.conda
https://metoffice.jfrog.io/metoffice/api/conda/conda-forge/linux-64/cdo-1.9.9-h04f682f_14.tar.bz2
https://metoffice.jfrog.io/metoffice/api/conda/conda-main/linux-64/cftime-1.5.0-py36h6323ea4_0.conda
https://metoffice.jfrog.io/metoffice/api/conda/conda-main/noarch/contextvars-2.4-py_0.conda
https://metoffice.jfrog.io/metoffice/api/conda/conda-forge/linux-64/esmf-8.0.1-nompi_hcaa3220_2.tar.bz2
https://metoffice.jfrog.io/metoffice/api/conda/conda-main/noarch/jsonschema-3.2.0-pyhd3eb1b0_2.conda
https://metoffice.jfrog.io/metoffice/api/conda/conda-forge/noarch/jupyter_client-6.1.7-py_0.tar.bz2
https://metoffice.jfrog.io/metoffice/api/conda/conda-forge/linux-64/matplotlib-base-3.1.3-py36h250f245_0.tar.bz2
https://metoffice.jfrog.io/metoffice/api/conda/conda-forge/linux-64/mo_pack-0.2.0-py36h92226af_1005.tar.bz2
https://metoffice.jfrog.io/metoffice/api/conda/conda-main/linux-64/pandas-1.1.5-py36ha9443f7_0.conda
https://metoffice.jfrog.io/metoffice/api/conda/conda-main/noarch/pyopenssl-22.0.0-pyhd3eb1b0_0.conda
https://metoffice.jfrog.io/metoffice/api/conda/conda-main/linux-64/scipy-1.5.2-py36habc2bb6_0.conda
https://metoffice.jfrog.io/metoffice/api/conda/conda-forge/linux-64/shapely-1.7.1-py36h93b233e_4.tar.bz2
https://metoffice.jfrog.io/metoffice/api/conda/conda-forge/linux-64/cartopy-0.18.0-py36h104b3a8_13.tar.bz2
https://metoffice.jfrog.io/metoffice/api/conda/conda-forge/linux-64/cf-units-2.1.4-py36h92226af_2.tar.bz2
https://metoffice.jfrog.io/metoffice/api/conda/conda-main/linux-64/distributed-2.30.1-py36h06a4308_0.conda
https://metoffice.jfrog.io/metoffice/api/conda/conda-main/linux-64/ipykernel-5.3.4-py36h5ca1d4c_0.conda
https://metoffice.jfrog.io/metoffice/api/conda/conda-forge/linux-64/matplotlib-3.1.3-py36_0.tar.bz2
https://metoffice.jfrog.io/metoffice/api/conda/conda-main/noarch/nbformat-5.1.3-pyhd3eb1b0_0.conda
https://metoffice.jfrog.io/metoffice/api/conda/conda-forge/noarch/nc-time-axis-1.2.0-pyhd8ed1ab_2.tar.bz2
https://metoffice.jfrog.io/metoffice/api/conda/conda-forge/linux-64/nco-4.9.9-h1e74faa_0.tar.bz2
https://metoffice.jfrog.io/metoffice/api/conda/conda-forge/linux-64/netcdf4-1.5.6-nompi_py36hc29086f_100.tar.bz2
https://metoffice.jfrog.io/metoffice/api/conda/conda-main/noarch/urllib3-1.26.8-pyhd3eb1b0_0.conda
https://metoffice.jfrog.io/metoffice/api/conda/conda-forge/noarch/botocore-1.24.21-pyhd8ed1ab_0.tar.bz2
https://metoffice.jfrog.io/metoffice/api/conda/conda-forge/noarch/dask-2.11.0-py_0.tar.bz2
https://metoffice.jfrog.io/metoffice/api/conda/conda-main/noarch/nbclient-0.5.3-pyhd3eb1b0_0.conda
https://metoffice.jfrog.io/metoffice/api/conda/conda-main/noarch/requests-2.27.1-pyhd3eb1b0_0.conda
https://metoffice.jfrog.io/metoffice/api/conda/conda-main/linux-64/conda-4.10.3-py36h06a4308_0.conda
https://metoffice.jfrog.io/metoffice/api/conda/conda-forge/linux-64/iris-2.4.0-py36h5fab9bb_1.tar.bz2
https://metoffice.jfrog.io/metoffice/api/conda/conda-main/linux-64/nbconvert-6.0.7-py36_0.conda
https://metoffice.jfrog.io/metoffice/api/conda/conda-main/noarch/s3transfer-0.5.0-pyhd3eb1b0_0.conda
https://metoffice.jfrog.io/metoffice/api/conda/conda-forge/noarch/boto3-1.21.21-pyhd8ed1ab_0.tar.bz2
https://metoffice.jfrog.io/metoffice/api/conda/conda-forge/linux-64/notebook-5.7.8-py36_1.tar.bz2
