# This file may be used to create an environment using:
# $ conda create --name <env> --file <this file>
# platform: linux-64
@EXPLICIT
https://metoffice.jfrog.io/metoffice/api/conda/conda-forge/linux-64/_libgcc_mutex-0.1-conda_forge.tar.bz2
https://metoffice.jfrog.io/metoffice/api/conda/conda-forge/linux-64/ca-certificates-2021.10.8-ha878542_0.tar.bz2
https://metoffice.jfrog.io/metoffice/api/conda/conda-forge/linux-64/ld_impl_linux-64-2.36.1-hea4e1c9_2.tar.bz2
https://metoffice.jfrog.io/metoffice/api/conda/conda-forge/linux-64/libgfortran4-7.5.0-h14aa051_19.tar.bz2
https://metoffice.jfrog.io/metoffice/api/conda/conda-forge/linux-64/libstdcxx-ng-11.2.0-he4da1e4_11.tar.bz2
https://metoffice.jfrog.io/metoffice/api/conda/conda-forge/linux-64/llvm-openmp-12.0.1-h4bd325d_1.tar.bz2
https://metoffice.jfrog.io/metoffice/api/conda/conda-forge/linux-64/pandoc-2.17.0.1-h7f98852_0.tar.bz2
https://metoffice.jfrog.io/metoffice/api/conda/conda-forge/linux-64/_openmp_mutex-4.5-1_llvm.tar.bz2
https://metoffice.jfrog.io/metoffice/api/conda/conda-forge/linux-64/libgfortran-ng-7.5.0-h14aa051_19.tar.bz2
https://metoffice.jfrog.io/metoffice/api/conda/conda-forge/linux-64/libgcc-ng-11.2.0-h1d223b6_11.tar.bz2
https://metoffice.jfrog.io/metoffice/api/conda/conda-forge/linux-64/bzip2-1.0.8-h7f98852_4.tar.bz2
https://metoffice.jfrog.io/metoffice/api/conda/conda-forge/linux-64/c-ares-1.18.1-h7f98852_0.tar.bz2
https://metoffice.jfrog.io/metoffice/api/conda/conda-forge/linux-64/expat-2.4.3-h9c3ff4c_0.tar.bz2
https://metoffice.jfrog.io/metoffice/api/conda/conda-forge/linux-64/geos-3.9.1-h9c3ff4c_2.tar.bz2
https://metoffice.jfrog.io/metoffice/api/conda/conda-forge/linux-64/icu-64.2-he1b5a44_1.tar.bz2
https://metoffice.jfrog.io/metoffice/api/conda/conda-forge/linux-64/jbig-2.1-h7f98852_2003.tar.bz2
https://metoffice.jfrog.io/metoffice/api/conda/conda-forge/linux-64/jpeg-9d-h36c2ea0_0.tar.bz2
https://metoffice.jfrog.io/metoffice/api/conda/conda-forge/linux-64/lerc-3.0-h9c3ff4c_0.tar.bz2
https://metoffice.jfrog.io/metoffice/api/conda/conda-forge/linux-64/libdeflate-1.8-h7f98852_0.tar.bz2
https://metoffice.jfrog.io/metoffice/api/conda/conda-forge/linux-64/libev-4.33-h516909a_1.tar.bz2
https://metoffice.jfrog.io/metoffice/api/conda/conda-forge/linux-64/libffi-3.2.1-he1b5a44_1007.tar.bz2
https://metoffice.jfrog.io/metoffice/api/conda/conda-forge/linux-64/libiconv-1.16-h516909a_0.tar.bz2
https://metoffice.jfrog.io/metoffice/api/conda/conda-forge/linux-64/libmo_unpack-3.1.2-hf484d3e_1001.tar.bz2
https://metoffice.jfrog.io/metoffice/api/conda/conda-forge/linux-64/libopenblas-0.3.10-pthreads_hb3c22a3_5.tar.bz2
https://metoffice.jfrog.io/metoffice/api/conda/conda-forge/linux-64/libsodium-1.0.18-h36c2ea0_1.tar.bz2
https://metoffice.jfrog.io/metoffice/api/conda/conda-forge/linux-64/libuuid-2.32.1-h7f98852_1000.tar.bz2
https://metoffice.jfrog.io/metoffice/api/conda/conda-forge/linux-64/libwebp-base-1.2.1-h7f98852_0.tar.bz2
https://metoffice.jfrog.io/metoffice/api/conda/conda-forge/linux-64/libzlib-1.2.11-h36c2ea0_1013.tar.bz2
https://metoffice.jfrog.io/metoffice/api/conda/conda-forge/linux-64/lz4-c-1.9.3-h9c3ff4c_1.tar.bz2
https://metoffice.jfrog.io/metoffice/api/conda/conda-forge/linux-64/ncurses-6.2-h58526e2_4.tar.bz2
https://metoffice.jfrog.io/metoffice/api/conda/conda-forge/linux-64/openssl-1.1.1l-h7f98852_0.tar.bz2
https://metoffice.jfrog.io/metoffice/api/conda/conda-forge/linux-64/pcre-8.45-h9c3ff4c_0.tar.bz2
https://metoffice.jfrog.io/metoffice/api/conda/conda-forge/linux-64/pthread-stubs-0.4-h36c2ea0_1001.tar.bz2
https://metoffice.jfrog.io/metoffice/api/conda/conda-forge/linux-64/xorg-libxau-1.0.9-h7f98852_0.tar.bz2
https://metoffice.jfrog.io/metoffice/api/conda/conda-forge/linux-64/xorg-libxdmcp-1.1.3-h7f98852_0.tar.bz2
https://metoffice.jfrog.io/metoffice/api/conda/conda-forge/linux-64/xxhash-0.8.0-h7f98852_3.tar.bz2
https://metoffice.jfrog.io/metoffice/api/conda/conda-forge/linux-64/xz-5.2.5-h516909a_1.tar.bz2
https://metoffice.jfrog.io/metoffice/api/conda/conda-forge/linux-64/yaml-0.2.5-h7f98852_2.tar.bz2
https://metoffice.jfrog.io/metoffice/api/conda/conda-forge/linux-64/gettext-0.19.8.1-hf34092f_1004.tar.bz2
https://metoffice.jfrog.io/metoffice/api/conda/conda-forge/linux-64/libblas-3.8.0-17_openblas.tar.bz2
https://metoffice.jfrog.io/metoffice/api/conda/conda-forge/linux-64/libedit-3.1.20191231-he28a2e2_2.tar.bz2
https://metoffice.jfrog.io/metoffice/api/conda/conda-forge/linux-64/libxcb-1.13-h7f98852_1004.tar.bz2
https://metoffice.jfrog.io/metoffice/api/conda/conda-forge/linux-64/readline-8.1-h46c0cb4_0.tar.bz2
https://metoffice.jfrog.io/metoffice/api/conda/conda-forge/linux-64/udunits2-2.2.27.27-hc3e0081_3.tar.bz2
https://metoffice.jfrog.io/metoffice/api/conda/conda-forge/linux-64/zeromq-4.3.4-h9c3ff4c_1.tar.bz2
https://metoffice.jfrog.io/metoffice/api/conda/conda-forge/linux-64/zlib-1.2.11-h36c2ea0_1013.tar.bz2
https://metoffice.jfrog.io/metoffice/api/conda/conda-forge/linux-64/zstd-1.5.1-ha95c52a_0.tar.bz2
https://metoffice.jfrog.io/metoffice/api/conda/conda-forge/linux-64/hdf4-4.2.15-h10796ff_3.tar.bz2
https://metoffice.jfrog.io/metoffice/api/conda/conda-forge/linux-64/libcblas-3.8.0-17_openblas.tar.bz2
https://metoffice.jfrog.io/metoffice/api/conda/conda-forge/linux-64/libglib-2.66.3-hbe7bbb4_0.tar.bz2
https://metoffice.jfrog.io/metoffice/api/conda/conda-forge/linux-64/liblapack-3.8.0-17_openblas.tar.bz2
https://metoffice.jfrog.io/metoffice/api/conda/conda-forge/linux-64/libnghttp2-1.43.0-h812cca2_1.tar.bz2
https://metoffice.jfrog.io/metoffice/api/conda/conda-forge/linux-64/libpng-1.6.37-h21135ba_2.tar.bz2
https://metoffice.jfrog.io/metoffice/api/conda/conda-forge/linux-64/libssh2-1.10.0-ha56f1ee_2.tar.bz2
https://metoffice.jfrog.io/metoffice/api/conda/conda-forge/linux-64/libtiff-4.3.0-h6f004c6_2.tar.bz2
https://metoffice.jfrog.io/metoffice/api/conda/conda-forge/linux-64/libxml2-2.9.10-hee79883_0.tar.bz2
https://metoffice.jfrog.io/metoffice/api/conda/conda-forge/linux-64/sqlite-3.37.0-h9cd32fc_0.tar.bz2
https://metoffice.jfrog.io/metoffice/api/conda/conda-forge/linux-64/tk-8.6.11-h27826a3_1.tar.bz2
https://metoffice.jfrog.io/metoffice/api/conda/conda-forge/linux-64/freetype-2.10.4-h0708190_1.tar.bz2
https://metoffice.jfrog.io/metoffice/api/conda/conda-forge/linux-64/krb5-1.19.2-hcc1bbae_3.tar.bz2
https://metoffice.jfrog.io/metoffice/api/conda/conda-forge/linux-64/lcms2-2.12-hddcbb42_0.tar.bz2
https://metoffice.jfrog.io/metoffice/api/conda/conda-forge/linux-64/liblapacke-3.8.0-17_openblas.tar.bz2
https://metoffice.jfrog.io/metoffice/api/conda/conda-forge/linux-64/openjpeg-2.4.0-hb52868f_1.tar.bz2
https://metoffice.jfrog.io/metoffice/api/conda/conda-forge/linux-64/python-3.6.10-h8356626_1011_cpython.tar.bz2
https://metoffice.jfrog.io/metoffice/api/conda/conda-forge/noarch/async_generator-1.10-py_0.tar.bz2
https://metoffice.jfrog.io/metoffice/api/conda/conda-forge/noarch/attrs-21.4.0-pyhd8ed1ab_0.tar.bz2
https://metoffice.jfrog.io/metoffice/api/conda/conda-forge/noarch/backcall-0.2.0-pyh9f0ad1d_0.tar.bz2
https://metoffice.jfrog.io/metoffice/api/conda/conda-forge/noarch/backports-1.0-py_2.tar.bz2
https://metoffice.jfrog.io/metoffice/api/conda/conda-forge/linux-64/blas-2.17-openblas.tar.bz2
https://metoffice.jfrog.io/metoffice/api/conda/conda-forge/noarch/click-7.1.2-pyh9f0ad1d_0.tar.bz2
https://metoffice.jfrog.io/metoffice/api/conda/conda-forge/noarch/cloudpickle-2.0.0-pyhd8ed1ab_0.tar.bz2
https://metoffice.jfrog.io/metoffice/api/conda/conda-forge/noarch/cycler-0.11.0-pyhd8ed1ab_0.tar.bz2
https://metoffice.jfrog.io/metoffice/api/conda/conda-forge/noarch/decorator-5.1.1-pyhd8ed1ab_0.tar.bz2
https://metoffice.jfrog.io/metoffice/api/conda/conda-forge/noarch/defusedxml-0.7.1-pyhd8ed1ab_0.tar.bz2
https://metoffice.jfrog.io/metoffice/api/conda/conda-forge/noarch/entrypoints-0.3-pyhd8ed1ab_1003.tar.bz2
https://metoffice.jfrog.io/metoffice/api/conda/conda-forge/linux-64/fontconfig-2.13.1-hba837de_1005.tar.bz2
https://metoffice.jfrog.io/metoffice/api/conda/conda-forge/noarch/fsspec-2022.1.0-pyhd8ed1ab_0.tar.bz2
https://metoffice.jfrog.io/metoffice/api/conda/conda-forge/linux-64/glib-2.66.3-h58526e2_0.tar.bz2
https://metoffice.jfrog.io/metoffice/api/conda/conda-forge/noarch/heapdict-1.0.1-py_0.tar.bz2
https://metoffice.jfrog.io/metoffice/api/conda/conda-forge/noarch/ipython_genutils-0.2.0-py_1.tar.bz2
https://metoffice.jfrog.io/metoffice/api/conda/conda-forge/linux-64/libcurl-7.81.0-h2574ce0_0.tar.bz2
https://metoffice.jfrog.io/metoffice/api/conda/conda-forge/noarch/locket-0.2.0-py_2.tar.bz2
https://metoffice.jfrog.io/metoffice/api/conda/conda-forge/noarch/nest-asyncio-1.5.4-pyhd8ed1ab_0.tar.bz2
https://metoffice.jfrog.io/metoffice/api/conda/conda-forge/noarch/olefile-0.46-pyh9f0ad1d_1.tar.bz2
https://metoffice.jfrog.io/metoffice/api/conda/conda-forge/noarch/pandocfilters-1.5.0-pyhd8ed1ab_0.tar.bz2
https://metoffice.jfrog.io/metoffice/api/conda/conda-forge/noarch/parso-0.7.1-pyh9f0ad1d_0.tar.bz2
https://metoffice.jfrog.io/metoffice/api/conda/conda-forge/noarch/pickleshare-0.7.5-py_1003.tar.bz2
https://metoffice.jfrog.io/metoffice/api/conda/conda-forge/noarch/prometheus_client-0.12.0-pyhd8ed1ab_0.tar.bz2
https://metoffice.jfrog.io/metoffice/api/conda/conda-forge/noarch/ptyprocess-0.7.0-pyhd3deb0d_0.tar.bz2
https://metoffice.jfrog.io/metoffice/api/conda/conda-forge/noarch/pyke-1.1.1-pyhd8ed1ab_1004.tar.bz2
https://metoffice.jfrog.io/metoffice/api/conda/conda-forge/noarch/pyparsing-3.0.6-pyhd8ed1ab_0.tar.bz2
https://metoffice.jfrog.io/metoffice/api/conda/conda-forge/noarch/pyshp-2.1.3-pyh44b312d_0.tar.bz2
https://metoffice.jfrog.io/metoffice/api/conda/conda-forge/linux-64/python_abi-3.6-2_cp36m.tar.bz2
https://metoffice.jfrog.io/metoffice/api/conda/conda-forge/noarch/pytz-2021.3-pyhd8ed1ab_0.tar.bz2
https://metoffice.jfrog.io/metoffice/api/conda/conda-forge/noarch/send2trash-1.8.0-pyhd8ed1ab_0.tar.bz2
https://metoffice.jfrog.io/metoffice/api/conda/conda-forge/linux-64/sip-4.19.8-py36hf484d3e_1000.tar.bz2
https://metoffice.jfrog.io/metoffice/api/conda/conda-forge/noarch/six-1.16.0-pyh6c4a22f_0.tar.bz2
https://metoffice.jfrog.io/metoffice/api/conda/conda-forge/noarch/sortedcontainers-2.4.0-pyhd8ed1ab_0.tar.bz2
https://metoffice.jfrog.io/metoffice/api/conda/conda-forge/noarch/tblib-1.7.0-pyhd8ed1ab_0.tar.bz2
https://metoffice.jfrog.io/metoffice/api/conda/conda-forge/noarch/testpath-0.5.0-pyhd8ed1ab_0.tar.bz2
https://metoffice.jfrog.io/metoffice/api/conda/conda-forge/noarch/toolz-0.11.2-pyhd8ed1ab_0.tar.bz2
https://metoffice.jfrog.io/metoffice/api/conda/conda-forge/noarch/typing_extensions-4.0.1-pyha770c72_0.tar.bz2
https://metoffice.jfrog.io/metoffice/api/conda/conda-forge/noarch/webencodings-0.5.1-py_1.tar.bz2
https://metoffice.jfrog.io/metoffice/api/conda/conda-forge/noarch/wheel-0.37.1-pyhd8ed1ab_0.tar.bz2
https://metoffice.jfrog.io/metoffice/api/conda/conda-forge/noarch/zipp-3.7.0-pyhd8ed1ab_0.tar.bz2
https://metoffice.jfrog.io/metoffice/api/conda/conda-forge/linux-64/antlr-python-runtime-4.7.2-py36h5fab9bb_1002.tar.bz2
https://metoffice.jfrog.io/metoffice/api/conda/conda-forge/linux-64/curl-7.81.0-h2574ce0_0.tar.bz2
https://metoffice.jfrog.io/metoffice/api/conda/conda-forge/linux-64/cytoolz-0.11.0-py36h8f6f2f9_3.tar.bz2
https://metoffice.jfrog.io/metoffice/api/conda/conda-forge/linux-64/dbus-1.13.6-hfdff14a_1.tar.bz2
https://metoffice.jfrog.io/metoffice/api/conda/conda-forge/linux-64/gstreamer-1.14.5-h36ae1b5_2.tar.bz2
https://metoffice.jfrog.io/metoffice/api/conda/conda-forge/linux-64/hdf5-1.10.6-nompi_h7c3c948_1111.tar.bz2
https://metoffice.jfrog.io/metoffice/api/conda/conda-forge/linux-64/importlib-metadata-4.8.1-py36h5fab9bb_0.tar.bz2
https://metoffice.jfrog.io/metoffice/api/conda/conda-forge/linux-64/jedi-0.17.2-py36h5fab9bb_1.tar.bz2
https://metoffice.jfrog.io/metoffice/api/conda/conda-forge/linux-64/kiwisolver-1.3.1-py36h605e78d_1.tar.bz2
https://metoffice.jfrog.io/metoffice/api/conda/conda-forge/linux-64/markupsafe-2.0.1-py36h8f6f2f9_0.tar.bz2
https://metoffice.jfrog.io/metoffice/api/conda/conda-forge/linux-64/mistune-0.8.4-py36h8f6f2f9_1004.tar.bz2
https://metoffice.jfrog.io/metoffice/api/conda/conda-forge/linux-64/msgpack-python-1.0.2-py36h605e78d_1.tar.bz2
https://metoffice.jfrog.io/metoffice/api/conda/conda-main/linux-64/numpy-base-1.17.4-py36h2f8d375_0.conda
https://metoffice.jfrog.io/metoffice/api/conda/conda-forge/noarch/packaging-21.3-pyhd8ed1ab_0.tar.bz2
https://metoffice.jfrog.io/metoffice/api/conda/conda-forge/noarch/partd-1.2.0-pyhd8ed1ab_0.tar.bz2
https://metoffice.jfrog.io/metoffice/api/conda/conda-forge/noarch/pexpect-4.8.0-pyh9f0ad1d_2.tar.bz2
https://metoffice.jfrog.io/metoffice/api/conda/conda-forge/linux-64/pillow-8.3.2-py36h676a545_0.tar.bz2
https://metoffice.jfrog.io/metoffice/api/conda/conda-forge/linux-64/proj-7.2.0-h277dcde_2.tar.bz2
https://metoffice.jfrog.io/metoffice/api/conda/conda-forge/linux-64/psutil-5.8.0-py36h8f6f2f9_1.tar.bz2
https://metoffice.jfrog.io/metoffice/api/conda/conda-forge/linux-64/pyrsistent-0.17.3-py36h8f6f2f9_2.tar.bz2
https://metoffice.jfrog.io/metoffice/api/conda/conda-forge/noarch/python-dateutil-2.8.2-pyhd8ed1ab_0.tar.bz2
https://metoffice.jfrog.io/metoffice/api/conda/conda-forge/linux-64/python-xxhash-2.0.2-py36h8f6f2f9_0.tar.bz2
https://metoffice.jfrog.io/metoffice/api/conda/conda-forge/linux-64/pyyaml-5.4.1-py36h8f6f2f9_1.tar.bz2
https://metoffice.jfrog.io/metoffice/api/conda/conda-forge/linux-64/pyzmq-22.3.0-py36h7068817_0.tar.bz2
https://metoffice.jfrog.io/metoffice/api/conda/conda-forge/linux-64/setuptools-58.0.4-py36h5fab9bb_2.tar.bz2
https://metoffice.jfrog.io/metoffice/api/conda/conda-forge/linux-64/tornado-6.1-py36h8f6f2f9_1.tar.bz2
https://metoffice.jfrog.io/metoffice/api/conda/conda-forge/noarch/traitlets-4.3.3-pyhd8ed1ab_2.tar.bz2
https://metoffice.jfrog.io/metoffice/api/conda/conda-forge/noarch/typing-extensions-4.0.1-hd8ed1ab_0.tar.bz2
https://metoffice.jfrog.io/metoffice/api/conda/conda-forge/noarch/zict-2.0.0-py_0.tar.bz2
https://metoffice.jfrog.io/metoffice/api/conda/conda-forge/noarch/backports.functools_lru_cache-1.6.4-pyhd8ed1ab_0.tar.bz2
https://metoffice.jfrog.io/metoffice/api/conda/conda-forge/noarch/bleach-4.1.0-pyhd8ed1ab_0.tar.bz2
https://metoffice.jfrog.io/metoffice/api/conda/conda-forge/noarch/dask-core-2.11.0-py_0.tar.bz2
https://metoffice.jfrog.io/metoffice/api/conda/conda-forge/linux-64/gst-plugins-base-1.14.5-h0935bb2_2.tar.bz2
https://metoffice.jfrog.io/metoffice/api/conda/conda-forge/linux-64/immutables-0.16-py36h8f6f2f9_0.tar.bz2
https://metoffice.jfrog.io/metoffice/api/conda/conda-forge/noarch/jinja2-3.0.3-pyhd8ed1ab_0.tar.bz2
https://metoffice.jfrog.io/metoffice/api/conda/conda-forge/noarch/jsonschema-4.1.2-pyhd8ed1ab_0.tar.bz2
https://metoffice.jfrog.io/metoffice/api/conda/conda-forge/linux-64/jupyter_core-4.6.3-py36h5fab9bb_2.tar.bz2
https://metoffice.jfrog.io/metoffice/api/conda/conda-forge/linux-64/libnetcdf-4.7.4-nompi_h56d31a8_107.tar.bz2
https://metoffice.jfrog.io/metoffice/api/conda/conda-main/linux-64/numpy-1.17.4-py36hd5be1e1_0.conda
https://metoffice.jfrog.io/metoffice/api/conda/conda-forge/noarch/pip-21.3.1-pyhd8ed1ab_0.tar.bz2
https://metoffice.jfrog.io/metoffice/api/conda/conda-forge/noarch/pygments-2.11.2-pyhd8ed1ab_0.tar.bz2
https://metoffice.jfrog.io/metoffice/api/conda/conda-forge/linux-64/terminado-0.12.1-py36h5fab9bb_0.tar.bz2
https://metoffice.jfrog.io/metoffice/api/conda/conda-forge/linux-64/bokeh-2.3.3-py36h5fab9bb_0.tar.bz2
https://metoffice.jfrog.io/metoffice/api/conda/conda-forge/linux-64/cftime-1.4.1-py36h92226af_0.tar.bz2
https://metoffice.jfrog.io/metoffice/api/conda/conda-forge/noarch/contextvars-2.4-py_0.tar.bz2
https://metoffice.jfrog.io/metoffice/api/conda/conda-forge/noarch/jupyter_client-6.1.7-py_0.tar.bz2
https://metoffice.jfrog.io/metoffice/api/conda/conda-forge/noarch/jupyterlab_pygments-0.1.2-pyh9f0ad1d_0.tar.bz2
https://metoffice.jfrog.io/metoffice/api/conda/conda-forge/linux-64/matplotlib-base-3.1.3-py36h250f245_0.tar.bz2
https://metoffice.jfrog.io/metoffice/api/conda/conda-forge/linux-64/mo_pack-0.2.0-py36h92226af_1005.tar.bz2
https://metoffice.jfrog.io/metoffice/api/conda/conda-forge/noarch/nbformat-5.1.3-pyhd8ed1ab_0.tar.bz2
https://metoffice.jfrog.io/metoffice/api/conda/conda-forge/linux-64/pandas-1.1.5-py36h284efc9_0.tar.bz2
https://metoffice.jfrog.io/metoffice/api/conda/conda-forge/linux-64/qt-5.9.7-h0c104cb_3.tar.bz2
https://metoffice.jfrog.io/metoffice/api/conda/conda-forge/linux-64/scipy-1.5.3-py36h976291a_0.tar.bz2
https://metoffice.jfrog.io/metoffice/api/conda/conda-forge/linux-64/shapely-1.7.1-py36h93b233e_4.tar.bz2
https://metoffice.jfrog.io/metoffice/api/conda/conda-forge/noarch/wcwidth-0.2.5-pyh9f0ad1d_2.tar.bz2
https://metoffice.jfrog.io/metoffice/api/conda/conda-forge/linux-64/cartopy-0.18.0-py36h104b3a8_13.tar.bz2
https://metoffice.jfrog.io/metoffice/api/conda/conda-forge/linux-64/cf-units-2.1.4-py36h92226af_2.tar.bz2
https://metoffice.jfrog.io/metoffice/api/conda/conda-forge/linux-64/distributed-2.30.1-py36h5fab9bb_0.tar.bz2
https://metoffice.jfrog.io/metoffice/api/conda/conda-forge/noarch/nbclient-0.5.9-pyhd8ed1ab_0.tar.bz2
https://metoffice.jfrog.io/metoffice/api/conda/conda-forge/noarch/nc-time-axis-1.2.0-pyhd8ed1ab_2.tar.bz2
https://metoffice.jfrog.io/metoffice/api/conda/conda-forge/linux-64/netcdf4-1.5.6-nompi_py36hc29086f_100.tar.bz2
https://metoffice.jfrog.io/metoffice/api/conda/conda-forge/noarch/prompt-toolkit-3.0.24-pyha770c72_0.tar.bz2
https://metoffice.jfrog.io/metoffice/api/conda/conda-forge/linux-64/pyqt-5.9.2-py36hcca6a23_4.tar.bz2
https://metoffice.jfrog.io/metoffice/api/conda/conda-forge/noarch/dask-2.11.0-py_0.tar.bz2
https://metoffice.jfrog.io/metoffice/api/conda/conda-forge/linux-64/ipython-7.16.1-py36he448a4c_2.tar.bz2
https://metoffice.jfrog.io/metoffice/api/conda/conda-forge/linux-64/matplotlib-3.1.3-py36_0.tar.bz2
https://metoffice.jfrog.io/metoffice/api/conda/conda-forge/linux-64/nbconvert-6.0.7-py36h5fab9bb_3.tar.bz2
https://metoffice.jfrog.io/metoffice/api/conda/conda-forge/linux-64/ipykernel-5.5.5-py36hcb3619a_0.tar.bz2
https://metoffice.jfrog.io/metoffice/api/conda/conda-forge/linux-64/iris-2.4.0-py36h5fab9bb_1.tar.bz2
https://metoffice.jfrog.io/metoffice/api/conda/conda-forge/linux-64/notebook-5.7.8-py36_1.tar.bz2
